// !$*UTF8*$!
{
	archiveVersion = 1;
	classes = {
	};
	objectVersion = 77;
	objects = {

/* Begin PBXBuildFile section */
		389573752CE872D30012F2A0 /* FirebaseAuth in Frameworks */ = {isa = PBXBuildFile; productRef = 389573742CE872D30012F2A0 /* FirebaseAuth */; };
		389573772CE872D30012F2A0 /* FirebaseFirestore in Frameworks */ = {isa = PBXBuildFile; productRef = 389573762CE872D30012F2A0 /* FirebaseFirestore */; };
		389573792CE874190012F2A0 /* GoogleService-Info.plist in Resources */ = {isa = PBXBuildFile; fileRef = 389573782CE874190012F2A0 /* GoogleService-Info.plist */; };
		389573BB2CE9A9BE0012F2A0 /* .gitignore in Resources */ = {isa = PBXBuildFile; fileRef = 389573BA2CE9A9AF0012F2A0 /* .gitignore */; };
		389573BD2CE9AA020012F2A0 /* Config.template.swift in Sources */ = {isa = PBXBuildFile; fileRef = 389573BC2CE9AA020012F2A0 /* Config.template.swift */; };
		389573BF2CE9AA420012F2A0 /* Config.swift in Sources */ = {isa = PBXBuildFile; fileRef = 389573BE2CE9AA420012F2A0 /* Config.swift */; };
/* End PBXBuildFile section */

/* Begin PBXContainerItemProxy section */
		389573022CE81BF00012F2A0 /* PBXContainerItemProxy */ = {
			isa = PBXContainerItemProxy;
			containerPortal = 389572E42CE81BEE0012F2A0 /* Project object */;
			proxyType = 1;
			remoteGlobalIDString = 389572EB2CE81BEE0012F2A0;
			remoteInfo = GreenScope;
		};
		3895730C2CE81BF00012F2A0 /* PBXContainerItemProxy */ = {
			isa = PBXContainerItemProxy;
			containerPortal = 389572E42CE81BEE0012F2A0 /* Project object */;
			proxyType = 1;
			remoteGlobalIDString = 389572EB2CE81BEE0012F2A0;
			remoteInfo = GreenScope;
		};
/* End PBXContainerItemProxy section */

/* Begin PBXFileReference section */
		389572EC2CE81BEE0012F2A0 /* GreenScope.app */ = {isa = PBXFileReference; explicitFileType = wrapper.application; includeInIndex = 0; path = GreenScope.app; sourceTree = BUILT_PRODUCTS_DIR; };
		389573012CE81BF00012F2A0 /* GreenScopeTests.xctest */ = {isa = PBXFileReference; explicitFileType = wrapper.cfbundle; includeInIndex = 0; path = GreenScopeTests.xctest; sourceTree = BUILT_PRODUCTS_DIR; };
		3895730B2CE81BF00012F2A0 /* GreenScopeUITests.xctest */ = {isa = PBXFileReference; explicitFileType = wrapper.cfbundle; includeInIndex = 0; path = GreenScopeUITests.xctest; sourceTree = BUILT_PRODUCTS_DIR; };
		389573782CE874190012F2A0 /* GoogleService-Info.plist */ = {isa = PBXFileReference; lastKnownFileType = text.plist.xml; path = "GoogleService-Info.plist"; sourceTree = "<group>"; };
		389573BA2CE9A9AF0012F2A0 /* .gitignore */ = {isa = PBXFileReference; lastKnownFileType = text; path = .gitignore; sourceTree = "<group>"; };
		389573BC2CE9AA020012F2A0 /* Config.template.swift */ = {isa = PBXFileReference; lastKnownFileType = sourcecode.swift; path = Config.template.swift; sourceTree = "<group>"; };
		389573BE2CE9AA420012F2A0 /* Config.swift */ = {isa = PBXFileReference; lastKnownFileType = sourcecode.swift; path = Config.swift; sourceTree = "<group>"; };
/* End PBXFileReference section */

/* Begin PBXFileSystemSynchronizedBuildFileExceptionSet section */
		389573A02CE890CA0012F2A0 /* Exceptions for "GreenScope" folder in "GreenScope" target */ = {
			isa = PBXFileSystemSynchronizedBuildFileExceptionSet;
			membershipExceptions = (
				Component/Color.swift,
				"Extensions/Color+Hex.swift",
			);
			target = 389572EB2CE81BEE0012F2A0 /* GreenScope */;
		};
/* End PBXFileSystemSynchronizedBuildFileExceptionSet section */

/* Begin PBXFileSystemSynchronizedGroupBuildPhaseMembershipExceptionSet section */
		389573A12CE890CA0012F2A0 /* Exceptions for "GreenScope" folder in "Copy Bundle Resources" phase from "GreenScope" target */ = {
			isa = PBXFileSystemSynchronizedGroupBuildPhaseMembershipExceptionSet;
			buildPhase = 389572EA2CE81BEE0012F2A0 /* Resources */;
			membershipExceptions = (
				Component/Color.swift,
				"Extensions/Color+Hex.swift",
			);
		};
/* End PBXFileSystemSynchronizedGroupBuildPhaseMembershipExceptionSet section */

/* Begin PBXFileSystemSynchronizedRootGroup section */
		389572EE2CE81BEE0012F2A0 /* GreenScope */ = {
			isa = PBXFileSystemSynchronizedRootGroup;
			exceptions = (
				389573A02CE890CA0012F2A0 /* Exceptions for "GreenScope" folder in "GreenScope" target */,
				389573A12CE890CA0012F2A0 /* Exceptions for "GreenScope" folder in "Copy Bundle Resources" phase from "GreenScope" target */,
			);
			path = GreenScope;
			sourceTree = "<group>";
		};
		389573042CE81BF00012F2A0 /* GreenScopeTests */ = {
			isa = PBXFileSystemSynchronizedRootGroup;
			path = GreenScopeTests;
			sourceTree = "<group>";
		};
		3895730E2CE81BF00012F2A0 /* GreenScopeUITests */ = {
			isa = PBXFileSystemSynchronizedRootGroup;
			path = GreenScopeUITests;
			sourceTree = "<group>";
		};
/* End PBXFileSystemSynchronizedRootGroup section */

/* Begin PBXFrameworksBuildPhase section */
		389572E92CE81BEE0012F2A0 /* Frameworks */ = {
			isa = PBXFrameworksBuildPhase;
			buildActionMask = 2147483647;
			files = (
				389573752CE872D30012F2A0 /* FirebaseAuth in Frameworks */,
				389573772CE872D30012F2A0 /* FirebaseFirestore in Frameworks */,
			);
			runOnlyForDeploymentPostprocessing = 0;
		};
		389572FE2CE81BF00012F2A0 /* Frameworks */ = {
			isa = PBXFrameworksBuildPhase;
			buildActionMask = 2147483647;
			files = (
			);
			runOnlyForDeploymentPostprocessing = 0;
		};
		389573082CE81BF00012F2A0 /* Frameworks */ = {
			isa = PBXFrameworksBuildPhase;
			buildActionMask = 2147483647;
			files = (
			);
			runOnlyForDeploymentPostprocessing = 0;
		};
/* End PBXFrameworksBuildPhase section */

/* Begin PBXGroup section */
		389572E32CE81BEE0012F2A0 = {
			isa = PBXGroup;
			children = (
				389573BE2CE9AA420012F2A0 /* Config.swift */,
				389573BC2CE9AA020012F2A0 /* Config.template.swift */,
				389573BA2CE9A9AF0012F2A0 /* .gitignore */,
				389573042CE81BF00012F2A0 /* GreenScopeTests */,
				3895730E2CE81BF00012F2A0 /* GreenScopeUITests */,
				389572ED2CE81BEE0012F2A0 /* Products */,
				389573782CE874190012F2A0 /* GoogleService-Info.plist */,
				389572EE2CE81BEE0012F2A0 /* GreenScope */,
			);
			sourceTree = "<group>";
		};
		389572ED2CE81BEE0012F2A0 /* Products */ = {
			isa = PBXGroup;
			children = (
				389572EC2CE81BEE0012F2A0 /* GreenScope.app */,
				389573012CE81BF00012F2A0 /* GreenScopeTests.xctest */,
				3895730B2CE81BF00012F2A0 /* GreenScopeUITests.xctest */,
			);
			name = Products;
			sourceTree = "<group>";
		};
/* End PBXGroup section */

/* Begin PBXNativeTarget section */
		389572EB2CE81BEE0012F2A0 /* GreenScope */ = {
			isa = PBXNativeTarget;
			buildConfigurationList = 389573152CE81BF00012F2A0 /* Build configuration list for PBXNativeTarget "GreenScope" */;
			buildPhases = (
				389572E82CE81BEE0012F2A0 /* Sources */,
				389572E92CE81BEE0012F2A0 /* Frameworks */,
				389572EA2CE81BEE0012F2A0 /* Resources */,
			);
			buildRules = (
			);
			dependencies = (
			);
			fileSystemSynchronizedGroups = (
				389572EE2CE81BEE0012F2A0 /* GreenScope */,
			);
			name = GreenScope;
			packageProductDependencies = (
				389573742CE872D30012F2A0 /* FirebaseAuth */,
				389573762CE872D30012F2A0 /* FirebaseFirestore */,
			);
			productName = GreenScope;
			productReference = 389572EC2CE81BEE0012F2A0 /* GreenScope.app */;
			productType = "com.apple.product-type.application";
		};
		389573002CE81BF00012F2A0 /* GreenScopeTests */ = {
			isa = PBXNativeTarget;
			buildConfigurationList = 389573182CE81BF00012F2A0 /* Build configuration list for PBXNativeTarget "GreenScopeTests" */;
			buildPhases = (
				389572FD2CE81BF00012F2A0 /* Sources */,
				389572FE2CE81BF00012F2A0 /* Frameworks */,
				389572FF2CE81BF00012F2A0 /* Resources */,
			);
			buildRules = (
			);
			dependencies = (
				389573032CE81BF00012F2A0 /* PBXTargetDependency */,
			);
			fileSystemSynchronizedGroups = (
				389573042CE81BF00012F2A0 /* GreenScopeTests */,
			);
			name = GreenScopeTests;
			packageProductDependencies = (
			);
			productName = GreenScopeTests;
			productReference = 389573012CE81BF00012F2A0 /* GreenScopeTests.xctest */;
			productType = "com.apple.product-type.bundle.unit-test";
		};
		3895730A2CE81BF00012F2A0 /* GreenScopeUITests */ = {
			isa = PBXNativeTarget;
			buildConfigurationList = 3895731B2CE81BF00012F2A0 /* Build configuration list for PBXNativeTarget "GreenScopeUITests" */;
			buildPhases = (
				389573072CE81BF00012F2A0 /* Sources */,
				389573082CE81BF00012F2A0 /* Frameworks */,
				389573092CE81BF00012F2A0 /* Resources */,
			);
			buildRules = (
			);
			dependencies = (
				3895730D2CE81BF00012F2A0 /* PBXTargetDependency */,
			);
			fileSystemSynchronizedGroups = (
				3895730E2CE81BF00012F2A0 /* GreenScopeUITests */,
			);
			name = GreenScopeUITests;
			packageProductDependencies = (
			);
			productName = GreenScopeUITests;
			productReference = 3895730B2CE81BF00012F2A0 /* GreenScopeUITests.xctest */;
			productType = "com.apple.product-type.bundle.ui-testing";
		};
/* End PBXNativeTarget section */

/* Begin PBXProject section */
		389572E42CE81BEE0012F2A0 /* Project object */ = {
			isa = PBXProject;
			attributes = {
				BuildIndependentTargetsInParallel = 1;
				LastSwiftUpdateCheck = 1610;
				LastUpgradeCheck = 1610;
				TargetAttributes = {
					389572EB2CE81BEE0012F2A0 = {
						CreatedOnToolsVersion = 16.1;
					};
					389573002CE81BF00012F2A0 = {
						CreatedOnToolsVersion = 16.1;
						TestTargetID = 389572EB2CE81BEE0012F2A0;
					};
					3895730A2CE81BF00012F2A0 = {
						CreatedOnToolsVersion = 16.1;
						TestTargetID = 389572EB2CE81BEE0012F2A0;
					};
				};
			};
			buildConfigurationList = 389572E72CE81BEE0012F2A0 /* Build configuration list for PBXProject "GreenScope" */;
			developmentRegion = en;
			hasScannedForEncodings = 0;
			knownRegions = (
				en,
				Base,
			);
			mainGroup = 389572E32CE81BEE0012F2A0;
			minimizedProjectReferenceProxies = 1;
			packageReferences = (
				389573732CE872D30012F2A0 /* XCRemoteSwiftPackageReference "firebase-ios-sdk" */,
			);
			preferredProjectObjectVersion = 77;
			productRefGroup = 389572ED2CE81BEE0012F2A0 /* Products */;
			projectDirPath = "";
			projectRoot = "";
			targets = (
				389572EB2CE81BEE0012F2A0 /* GreenScope */,
				389573002CE81BF00012F2A0 /* GreenScopeTests */,
				3895730A2CE81BF00012F2A0 /* GreenScopeUITests */,
			);
		};
/* End PBXProject section */

/* Begin PBXResourcesBuildPhase section */
		389572EA2CE81BEE0012F2A0 /* Resources */ = {
			isa = PBXResourcesBuildPhase;
			buildActionMask = 2147483647;
			files = (
				389573BB2CE9A9BE0012F2A0 /* .gitignore in Resources */,
				389573792CE874190012F2A0 /* GoogleService-Info.plist in Resources */,
			);
			runOnlyForDeploymentPostprocessing = 0;
		};
		389572FF2CE81BF00012F2A0 /* Resources */ = {
			isa = PBXResourcesBuildPhase;
			buildActionMask = 2147483647;
			files = (
			);
			runOnlyForDeploymentPostprocessing = 0;
		};
		389573092CE81BF00012F2A0 /* Resources */ = {
			isa = PBXResourcesBuildPhase;
			buildActionMask = 2147483647;
			files = (
			);
			runOnlyForDeploymentPostprocessing = 0;
		};
/* End PBXResourcesBuildPhase section */

/* Begin PBXSourcesBuildPhase section */
		389572E82CE81BEE0012F2A0 /* Sources */ = {
			isa = PBXSourcesBuildPhase;
			buildActionMask = 2147483647;
			files = (
				389573BF2CE9AA420012F2A0 /* Config.swift in Sources */,
				389573BD2CE9AA020012F2A0 /* Config.template.swift in Sources */,
			);
			runOnlyForDeploymentPostprocessing = 0;
		};
		389572FD2CE81BF00012F2A0 /* Sources */ = {
			isa = PBXSourcesBuildPhase;
			buildActionMask = 2147483647;
			files = (
			);
			runOnlyForDeploymentPostprocessing = 0;
		};
		389573072CE81BF00012F2A0 /* Sources */ = {
			isa = PBXSourcesBuildPhase;
			buildActionMask = 2147483647;
			files = (
			);
			runOnlyForDeploymentPostprocessing = 0;
		};
/* End PBXSourcesBuildPhase section */

/* Begin PBXTargetDependency section */
		389573032CE81BF00012F2A0 /* PBXTargetDependency */ = {
			isa = PBXTargetDependency;
			target = 389572EB2CE81BEE0012F2A0 /* GreenScope */;
			targetProxy = 389573022CE81BF00012F2A0 /* PBXContainerItemProxy */;
		};
		3895730D2CE81BF00012F2A0 /* PBXTargetDependency */ = {
			isa = PBXTargetDependency;
			target = 389572EB2CE81BEE0012F2A0 /* GreenScope */;
			targetProxy = 3895730C2CE81BF00012F2A0 /* PBXContainerItemProxy */;
		};
/* End PBXTargetDependency section */

/* Begin XCBuildConfiguration section */
		389573132CE81BF00012F2A0 /* Debug */ = {
			isa = XCBuildConfiguration;
			buildSettings = {
				ALWAYS_SEARCH_USER_PATHS = NO;
				ASSETCATALOG_COMPILER_GENERATE_SWIFT_ASSET_SYMBOL_EXTENSIONS = YES;
				CLANG_ANALYZER_NONNULL = YES;
				CLANG_ANALYZER_NUMBER_OBJECT_CONVERSION = YES_AGGRESSIVE;
				CLANG_CXX_LANGUAGE_STANDARD = "gnu++20";
				CLANG_ENABLE_MODULES = YES;
				CLANG_ENABLE_OBJC_ARC = YES;
				CLANG_ENABLE_OBJC_WEAK = YES;
				CLANG_WARN_BLOCK_CAPTURE_AUTORELEASING = YES;
				CLANG_WARN_BOOL_CONVERSION = YES;
				CLANG_WARN_COMMA = YES;
				CLANG_WARN_CONSTANT_CONVERSION = YES;
				CLANG_WARN_DEPRECATED_OBJC_IMPLEMENTATIONS = YES;
				CLANG_WARN_DIRECT_OBJC_ISA_USAGE = YES_ERROR;
				CLANG_WARN_DOCUMENTATION_COMMENTS = YES;
				CLANG_WARN_EMPTY_BODY = YES;
				CLANG_WARN_ENUM_CONVERSION = YES;
				CLANG_WARN_INFINITE_RECURSION = YES;
				CLANG_WARN_INT_CONVERSION = YES;
				CLANG_WARN_NON_LITERAL_NULL_CONVERSION = YES;
				CLANG_WARN_OBJC_IMPLICIT_RETAIN_SELF = YES;
				CLANG_WARN_OBJC_LITERAL_CONVERSION = YES;
				CLANG_WARN_OBJC_ROOT_CLASS = YES_ERROR;
				CLANG_WARN_QUOTED_INCLUDE_IN_FRAMEWORK_HEADER = YES;
				CLANG_WARN_RANGE_LOOP_ANALYSIS = YES;
				CLANG_WARN_STRICT_PROTOTYPES = YES;
				CLANG_WARN_SUSPICIOUS_MOVE = YES;
				CLANG_WARN_UNGUARDED_AVAILABILITY = YES_AGGRESSIVE;
				CLANG_WARN_UNREACHABLE_CODE = YES;
				CLANG_WARN__DUPLICATE_METHOD_MATCH = YES;
				COPY_PHASE_STRIP = NO;
				DEBUG_INFORMATION_FORMAT = dwarf;
				ENABLE_STRICT_OBJC_MSGSEND = YES;
				ENABLE_TESTABILITY = YES;
				ENABLE_USER_SCRIPT_SANDBOXING = YES;
				GCC_C_LANGUAGE_STANDARD = gnu17;
				GCC_DYNAMIC_NO_PIC = NO;
				GCC_NO_COMMON_BLOCKS = YES;
				GCC_OPTIMIZATION_LEVEL = 0;
				GCC_PREPROCESSOR_DEFINITIONS = (
					"DEBUG=1",
					"$(inherited)",
				);
				GCC_WARN_64_TO_32_BIT_CONVERSION = YES;
				GCC_WARN_ABOUT_RETURN_TYPE = YES_ERROR;
				GCC_WARN_UNDECLARED_SELECTOR = YES;
				GCC_WARN_UNINITIALIZED_AUTOS = YES_AGGRESSIVE;
				GCC_WARN_UNUSED_FUNCTION = YES;
				GCC_WARN_UNUSED_VARIABLE = YES;
				IPHONEOS_DEPLOYMENT_TARGET = 18.1;
				LOCALIZATION_PREFERS_STRING_CATALOGS = YES;
				MTL_ENABLE_DEBUG_INFO = INCLUDE_SOURCE;
				MTL_FAST_MATH = YES;
				ONLY_ACTIVE_ARCH = YES;
				SDKROOT = iphoneos;
				SWIFT_ACTIVE_COMPILATION_CONDITIONS = "DEBUG $(inherited)";
				SWIFT_OPTIMIZATION_LEVEL = "-Onone";
			};
			name = Debug;
		};
		389573142CE81BF00012F2A0 /* Release */ = {
			isa = XCBuildConfiguration;
			buildSettings = {
				ALWAYS_SEARCH_USER_PATHS = NO;
				ASSETCATALOG_COMPILER_GENERATE_SWIFT_ASSET_SYMBOL_EXTENSIONS = YES;
				CLANG_ANALYZER_NONNULL = YES;
				CLANG_ANALYZER_NUMBER_OBJECT_CONVERSION = YES_AGGRESSIVE;
				CLANG_CXX_LANGUAGE_STANDARD = "gnu++20";
				CLANG_ENABLE_MODULES = YES;
				CLANG_ENABLE_OBJC_ARC = YES;
				CLANG_ENABLE_OBJC_WEAK = YES;
				CLANG_WARN_BLOCK_CAPTURE_AUTORELEASING = YES;
				CLANG_WARN_BOOL_CONVERSION = YES;
				CLANG_WARN_COMMA = YES;
				CLANG_WARN_CONSTANT_CONVERSION = YES;
				CLANG_WARN_DEPRECATED_OBJC_IMPLEMENTATIONS = YES;
				CLANG_WARN_DIRECT_OBJC_ISA_USAGE = YES_ERROR;
				CLANG_WARN_DOCUMENTATION_COMMENTS = YES;
				CLANG_WARN_EMPTY_BODY = YES;
				CLANG_WARN_ENUM_CONVERSION = YES;
				CLANG_WARN_INFINITE_RECURSION = YES;
				CLANG_WARN_INT_CONVERSION = YES;
				CLANG_WARN_NON_LITERAL_NULL_CONVERSION = YES;
				CLANG_WARN_OBJC_IMPLICIT_RETAIN_SELF = YES;
				CLANG_WARN_OBJC_LITERAL_CONVERSION = YES;
				CLANG_WARN_OBJC_ROOT_CLASS = YES_ERROR;
				CLANG_WARN_QUOTED_INCLUDE_IN_FRAMEWORK_HEADER = YES;
				CLANG_WARN_RANGE_LOOP_ANALYSIS = YES;
				CLANG_WARN_STRICT_PROTOTYPES = YES;
				CLANG_WARN_SUSPICIOUS_MOVE = YES;
				CLANG_WARN_UNGUARDED_AVAILABILITY = YES_AGGRESSIVE;
				CLANG_WARN_UNREACHABLE_CODE = YES;
				CLANG_WARN__DUPLICATE_METHOD_MATCH = YES;
				COPY_PHASE_STRIP = NO;
				DEBUG_INFORMATION_FORMAT = "dwarf-with-dsym";
				ENABLE_NS_ASSERTIONS = NO;
				ENABLE_STRICT_OBJC_MSGSEND = YES;
				ENABLE_USER_SCRIPT_SANDBOXING = YES;
				GCC_C_LANGUAGE_STANDARD = gnu17;
				GCC_NO_COMMON_BLOCKS = YES;
				GCC_WARN_64_TO_32_BIT_CONVERSION = YES;
				GCC_WARN_ABOUT_RETURN_TYPE = YES_ERROR;
				GCC_WARN_UNDECLARED_SELECTOR = YES;
				GCC_WARN_UNINITIALIZED_AUTOS = YES_AGGRESSIVE;
				GCC_WARN_UNUSED_FUNCTION = YES;
				GCC_WARN_UNUSED_VARIABLE = YES;
				IPHONEOS_DEPLOYMENT_TARGET = 18.1;
				LOCALIZATION_PREFERS_STRING_CATALOGS = YES;
				MTL_ENABLE_DEBUG_INFO = NO;
				MTL_FAST_MATH = YES;
				SDKROOT = iphoneos;
				SWIFT_COMPILATION_MODE = wholemodule;
				VALIDATE_PRODUCT = YES;
			};
			name = Release;
		};
		389573162CE81BF00012F2A0 /* Debug */ = {
			isa = XCBuildConfiguration;
			buildSettings = {
				ASSETCATALOG_COMPILER_APPICON_NAME = AppIcon;
				ASSETCATALOG_COMPILER_GLOBAL_ACCENT_COLOR_NAME = AccentColor;
				CODE_SIGN_STYLE = Automatic;
				CURRENT_PROJECT_VERSION = 1;
				DEVELOPMENT_ASSET_PATHS = "\"GreenScope/Preview Content\"";
				DEVELOPMENT_TEAM = T856B6ULMN;
				ENABLE_PREVIEWS = YES;
				GENERATE_INFOPLIST_FILE = YES;
				INFOPLIST_KEY_UIApplicationSceneManifest_Generation = YES;
				INFOPLIST_KEY_UIApplicationSupportsIndirectInputEvents = YES;
				INFOPLIST_KEY_UILaunchScreen_Generation = YES;
				INFOPLIST_KEY_UISupportedInterfaceOrientations_iPad = "UIInterfaceOrientationPortrait UIInterfaceOrientationPortraitUpsideDown UIInterfaceOrientationLandscapeLeft UIInterfaceOrientationLandscapeRight";
				INFOPLIST_KEY_UISupportedInterfaceOrientations_iPhone = "UIInterfaceOrientationPortrait UIInterfaceOrientationLandscapeLeft UIInterfaceOrientationLandscapeRight";
				LD_RUNPATH_SEARCH_PATHS = (
					"$(inherited)",
					"@executable_path/Frameworks",
				);
				MARKETING_VERSION = 1.0;
				PRODUCT_BUNDLE_IDENTIFIER = com.victorudeh.GreenScope;
				PRODUCT_NAME = "$(TARGET_NAME)";
				SWIFT_EMIT_LOC_STRINGS = YES;
				SWIFT_VERSION = 5.0;
				TARGETED_DEVICE_FAMILY = "1,2";
			};
			name = Debug;
		};
		389573172CE81BF00012F2A0 /* Release */ = {
			isa = XCBuildConfiguration;
			buildSettings = {
				ASSETCATALOG_COMPILER_APPICON_NAME = AppIcon;
				ASSETCATALOG_COMPILER_GLOBAL_ACCENT_COLOR_NAME = AccentColor;
				CODE_SIGN_STYLE = Automatic;
				CURRENT_PROJECT_VERSION = 1;
				DEVELOPMENT_ASSET_PATHS = "\"GreenScope/Preview Content\"";
				DEVELOPMENT_TEAM = T856B6ULMN;
				ENABLE_PREVIEWS = YES;
				GENERATE_INFOPLIST_FILE = YES;
				INFOPLIST_KEY_UIApplicationSceneManifest_Generation = YES;
				INFOPLIST_KEY_UIApplicationSupportsIndirectInputEvents = YES;
				INFOPLIST_KEY_UILaunchScreen_Generation = YES;
				INFOPLIST_KEY_UISupportedInterfaceOrientations_iPad = "UIInterfaceOrientationPortrait UIInterfaceOrientationPortraitUpsideDown UIInterfaceOrientationLandscapeLeft UIInterfaceOrientationLandscapeRight";
				INFOPLIST_KEY_UISupportedInterfaceOrientations_iPhone = "UIInterfaceOrientationPortrait UIInterfaceOrientationLandscapeLeft UIInterfaceOrientationLandscapeRight";
				LD_RUNPATH_SEARCH_PATHS = (
					"$(inherited)",
					"@executable_path/Frameworks",
				);
				MARKETING_VERSION = 1.0;
				PRODUCT_BUNDLE_IDENTIFIER = com.victorudeh.GreenScope;
				PRODUCT_NAME = "$(TARGET_NAME)";
				SWIFT_EMIT_LOC_STRINGS = YES;
				SWIFT_VERSION = 5.0;
				TARGETED_DEVICE_FAMILY = "1,2";
			};
			name = Release;
		};
		389573192CE81BF00012F2A0 /* Debug */ = {
			isa = XCBuildConfiguration;
			buildSettings = {
				BUNDLE_LOADER = "$(TEST_HOST)";
				CODE_SIGN_STYLE = Automatic;
				CURRENT_PROJECT_VERSION = 1;
				DEVELOPMENT_TEAM = T856B6ULMN;
				GENERATE_INFOPLIST_FILE = YES;
				IPHONEOS_DEPLOYMENT_TARGET = 18.1;
				MARKETING_VERSION = 1.0;
				PRODUCT_BUNDLE_IDENTIFIER = com.victorudeh.GreenScopeTests;
				PRODUCT_NAME = "$(TARGET_NAME)";
				SWIFT_EMIT_LOC_STRINGS = NO;
				SWIFT_VERSION = 5.0;
				TARGETED_DEVICE_FAMILY = "1,2";
				TEST_HOST = "$(BUILT_PRODUCTS_DIR)/GreenScope.app/$(BUNDLE_EXECUTABLE_FOLDER_PATH)/GreenScope";
			};
			name = Debug;
		};
		3895731A2CE81BF00012F2A0 /* Release */ = {
			isa = XCBuildConfiguration;
			buildSettings = {
				BUNDLE_LOADER = "$(TEST_HOST)";
				CODE_SIGN_STYLE = Automatic;
				CURRENT_PROJECT_VERSION = 1;
				DEVELOPMENT_TEAM = T856B6ULMN;
				GENERATE_INFOPLIST_FILE = YES;
				IPHONEOS_DEPLOYMENT_TARGET = 18.1;
				MARKETING_VERSION = 1.0;
				PRODUCT_BUNDLE_IDENTIFIER = com.victorudeh.GreenScopeTests;
				PRODUCT_NAME = "$(TARGET_NAME)";
				SWIFT_EMIT_LOC_STRINGS = NO;
				SWIFT_VERSION = 5.0;
				TARGETED_DEVICE_FAMILY = "1,2";
				TEST_HOST = "$(BUILT_PRODUCTS_DIR)/GreenScope.app/$(BUNDLE_EXECUTABLE_FOLDER_PATH)/GreenScope";
			};
			name = Release;
		};
		3895731C2CE81BF00012F2A0 /* Debug */ = {
			isa = XCBuildConfiguration;
			buildSettings = {
				CODE_SIGN_STYLE = Automatic;
				CURRENT_PROJECT_VERSION = 1;
				DEVELOPMENT_TEAM = T856B6ULMN;
				GENERATE_INFOPLIST_FILE = YES;
				MARKETING_VERSION = 1.0;
				PRODUCT_BUNDLE_IDENTIFIER = com.victorudeh.GreenScopeUITests;
				PRODUCT_NAME = "$(TARGET_NAME)";
				SWIFT_EMIT_LOC_STRINGS = NO;
				SWIFT_VERSION = 5.0;
				TARGETED_DEVICE_FAMILY = "1,2";
				TEST_TARGET_NAME = GreenScope;
			};
			name = Debug;
		};
		3895731D2CE81BF00012F2A0 /* Release */ = {
			isa = XCBuildConfiguration;
			buildSettings = {
				CODE_SIGN_STYLE = Automatic;
				CURRENT_PROJECT_VERSION = 1;
				DEVELOPMENT_TEAM = T856B6ULMN;
				GENERATE_INFOPLIST_FILE = YES;
				MARKETING_VERSION = 1.0;
				PRODUCT_BUNDLE_IDENTIFIER = com.victorudeh.GreenScopeUITests;
				PRODUCT_NAME = "$(TARGET_NAME)";
				SWIFT_EMIT_LOC_STRINGS = NO;
				SWIFT_VERSION = 5.0;
				TARGETED_DEVICE_FAMILY = "1,2";
				TEST_TARGET_NAME = GreenScope;
			};
			name = Release;
		};
/* End XCBuildConfiguration section */

/* Begin XCConfigurationList section */
		389572E72CE81BEE0012F2A0 /* Build configuration list for PBXProject "GreenScope" */ = {
			isa = XCConfigurationList;
			buildConfigurations = (
				389573132CE81BF00012F2A0 /* Debug */,
				389573142CE81BF00012F2A0 /* Release */,
			);
			defaultConfigurationIsVisible = 0;
			defaultConfigurationName = Release;
		};
		389573152CE81BF00012F2A0 /* Build configuration list for PBXNativeTarget "GreenScope" */ = {
			isa = XCConfigurationList;
			buildConfigurations = (
				389573162CE81BF00012F2A0 /* Debug */,
				389573172CE81BF00012F2A0 /* Release */,
			);
			defaultConfigurationIsVisible = 0;
			defaultConfigurationName = Release;
		};
		389573182CE81BF00012F2A0 /* Build configuration list for PBXNativeTarget "GreenScopeTests" */ = {
			isa = XCConfigurationList;
			buildConfigurations = (
				389573192CE81BF00012F2A0 /* Debug */,
				3895731A2CE81BF00012F2A0 /* Release */,
			);
			defaultConfigurationIsVisible = 0;
			defaultConfigurationName = Release;
		};
		3895731B2CE81BF00012F2A0 /* Build configuration list for PBXNativeTarget "GreenScopeUITests" */ = {
			isa = XCConfigurationList;
			buildConfigurations = (
				3895731C2CE81BF00012F2A0 /* Debug */,
				3895731D2CE81BF00012F2A0 /* Release */,
			);
			defaultConfigurationIsVisible = 0;
			defaultConfigurationName = Release;
		};
/* End XCConfigurationList section */

/* Begin XCRemoteSwiftPackageReference section */
		389573732CE872D30012F2A0 /* XCRemoteSwiftPackageReference "firebase-ios-sdk" */ = {
			isa = XCRemoteSwiftPackageReference;
			repositoryURL = "https://github.com/firebase/firebase-ios-sdk";
			requirement = {
				kind = upToNextMajorVersion;
				minimumVersion = 11.5.0;
			};
		};
/* End XCRemoteSwiftPackageReference section */

/* Begin XCSwiftPackageProductDependency section */
		389573742CE872D30012F2A0 /* FirebaseAuth */ = {
			isa = XCSwiftPackageProductDependency;
			package = 389573732CE872D30012F2A0 /* XCRemoteSwiftPackageReference "firebase-ios-sdk" */;
			productName = FirebaseAuth;
		};
		389573762CE872D30012F2A0 /* FirebaseFirestore */ = {
			isa = XCSwiftPackageProductDependency;
			package = 389573732CE872D30012F2A0 /* XCRemoteSwiftPackageReference "firebase-ios-sdk" */;
			productName = FirebaseFirestore;
		};
/* End XCSwiftPackageProductDependency section */
	};
	rootObject = 389572E42CE81BEE0012F2A0 /* Project object */;
}
